
Microsoft Visual Studio Solution File, Format Version 12.00
# Visual Studio Version 17
VisualStudioVersion = 17.5.33502.453
MinimumVisualStudioVersion = 10.0.40219.1
Project("{2150E333-8FDC-42A3-9474-1A3956D46DE8}") = "API", "API", "{A80AAFEA-AB60-4732-9901-3E5306A7233D}"
EndProject
Project("{2150E333-8FDC-42A3-9474-1A3956D46DE8}") = "Libraries", "Libraries", "{ED16D0C3-B8BE-4873-B52A-C405D16951E9}"
EndProject
Project("{2150E333-8FDC-42A3-9474-1A3956D46DE8}") = "Presentation", "Presentation", "{93433672-A298-42B2-A6D3-A2DCDC54859D}"
EndProject
Project("{9A19103F-16F7-4668-BE54-9A1E7A4F7556}") = "EG.DAL", "EG.DAL\EG.DAL.csproj", "{9B6735DE-28FA-4C53-BA46-FE1CC05F4304}"
EndProject
Project("{9A19103F-16F7-4668-BE54-9A1E7A4F7556}") = "EG.Models", "EG.Models\EG.Models.csproj", "{067E5620-73D1-4173-82E9-F672FA8D5735}"
EndProject
Project("{9A19103F-16F7-4668-BE54-9A1E7A4F7556}") = "EG.Services", "EG.Services\EG.Services.csproj", "{4FE6AB07-0532-48F2-BBDC-03EE50753467}"
EndProject
Project("{9A19103F-16F7-4668-BE54-9A1E7A4F7556}") = "EG.PWA", "EG.PWA\EG.PWA.csproj", "{27C77E56-F724-487E-BDD2-3C55279BBE10}"
	ProjectSection(ProjectDependencies) = postProject
		{067E5620-73D1-4173-82E9-F672FA8D5735} = {067E5620-73D1-4173-82E9-F672FA8D5735}
	EndProjectSection
EndProject
Project("{9A19103F-16F7-4668-BE54-9A1E7A4F7556}") = "EG.API.Siembra", "EG.API.SIEMBRA\EG.API.Siembra.csproj", "{5F13B176-C1C5-4DCD-8FC4-4222E324B71D}"
EndProject
Project("{9A19103F-16F7-4668-BE54-9A1E7A4F7556}") = "EG.Core", "EG.Core\EG.Core.csproj", "{AA69A8DB-40A6-4EEE-A63A-B69035466909}"
EndProject
Global
	GlobalSection(SolutionConfigurationPlatforms) = preSolution
		Debug|Any CPU = Debug|Any CPU
		Release|Any CPU = Release|Any CPU
	EndGlobalSection
	GlobalSection(ProjectConfigurationPlatforms) = postSolution
		{9B6735DE-28FA-4C53-BA46-FE1CC05F4304}.Debug|Any CPU.ActiveCfg = Debug|Any CPU
		{9B6735DE-28FA-4C53-BA46-FE1CC05F4304}.Debug|Any CPU.Build.0 = Debug|Any CPU
		{9B6735DE-28FA-4C53-BA46-FE1CC05F4304}.Release|Any CPU.ActiveCfg = Release|Any CPU
		{9B6735DE-28FA-4C53-BA46-FE1CC05F4304}.Release|Any CPU.Build.0 = Release|Any CPU
		{067E5620-73D1-4173-82E9-F672FA8D5735}.Debug|Any CPU.ActiveCfg = Debug|Any CPU
		{067E5620-73D1-4173-82E9-F672FA8D5735}.Debug|Any CPU.Build.0 = Debug|Any CPU
		{067E5620-73D1-4173-82E9-F672FA8D5735}.Release|Any CPU.ActiveCfg = Release|Any CPU
		{067E5620-73D1-4173-82E9-F672FA8D5735}.Release|Any CPU.Build.0 = Release|Any CPU
		{4FE6AB07-0532-48F2-BBDC-03EE50753467}.Debug|Any CPU.ActiveCfg = Debug|Any CPU
		{4FE6AB07-0532-48F2-BBDC-03EE50753467}.Debug|Any CPU.Build.0 = Debug|Any CPU
		{4FE6AB07-0532-48F2-BBDC-03EE50753467}.Release|Any CPU.ActiveCfg = Release|Any CPU
		{4FE6AB07-0532-48F2-BBDC-03EE50753467}.Release|Any CPU.Build.0 = Release|Any CPU
		{27C77E56-F724-487E-BDD2-3C55279BBE10}.Debug|Any CPU.ActiveCfg = Debug|Any CPU
		{27C77E56-F724-487E-BDD2-3C55279BBE10}.Debug|Any CPU.Build.0 = Debug|Any CPU
		{27C77E56-F724-487E-BDD2-3C55279BBE10}.Release|Any CPU.ActiveCfg = Release|Any CPU
		{27C77E56-F724-487E-BDD2-3C55279BBE10}.Release|Any CPU.Build.0 = Release|Any CPU
		{5F13B176-C1C5-4DCD-8FC4-4222E324B71D}.Debug|Any CPU.ActiveCfg = Debug|Any CPU
		{5F13B176-C1C5-4DCD-8FC4-4222E324B71D}.Debug|Any CPU.Build.0 = Debug|Any CPU
		{5F13B176-C1C5-4DCD-8FC4-4222E324B71D}.Release|Any CPU.ActiveCfg = Release|Any CPU
		{5F13B176-C1C5-4DCD-8FC4-4222E324B71D}.Release|Any CPU.Build.0 = Release|Any CPU
		{AA69A8DB-40A6-4EEE-A63A-B69035466909}.Debug|Any CPU.ActiveCfg = Debug|Any CPU
		{AA69A8DB-40A6-4EEE-A63A-B69035466909}.Debug|Any CPU.Build.0 = Debug|Any CPU
		{AA69A8DB-40A6-4EEE-A63A-B69035466909}.Release|Any CPU.ActiveCfg = Release|Any CPU
		{AA69A8DB-40A6-4EEE-A63A-B69035466909}.Release|Any CPU.Build.0 = Release|Any CPU
	EndGlobalSection
	GlobalSection(SolutionProperties) = preSolution
		HideSolutionNode = FALSE
	EndGlobalSection
	GlobalSection(NestedProjects) = preSolution
		{9B6735DE-28FA-4C53-BA46-FE1CC05F4304} = {ED16D0C3-B8BE-4873-B52A-C405D16951E9}
		{067E5620-73D1-4173-82E9-F672FA8D5735} = {ED16D0C3-B8BE-4873-B52A-C405D16951E9}
		{4FE6AB07-0532-48F2-BBDC-03EE50753467} = {ED16D0C3-B8BE-4873-B52A-C405D16951E9}
		{27C77E56-F724-487E-BDD2-3C55279BBE10} = {93433672-A298-42B2-A6D3-A2DCDC54859D}
		{5F13B176-C1C5-4DCD-8FC4-4222E324B71D} = {A80AAFEA-AB60-4732-9901-3E5306A7233D}
		{AA69A8DB-40A6-4EEE-A63A-B69035466909} = {ED16D0C3-B8BE-4873-B52A-C405D16951E9}
	EndGlobalSection
	GlobalSection(ExtensibilityGlobals) = postSolution
		SolutionGuid = {3A367BB1-2194-4A05-BD21-05880B4B6F1F}
	EndGlobalSection
EndGlobal
